
Microsoft Visual Studio Solution File, Format Version 12.00
# Visual Studio 15
VisualStudioVersion = 15.0.27130.2024
MinimumVisualStudioVersion = 10.0.40219.1
Project("{FAE04EC0-301F-11D3-BF4B-00C04F79EFBC}") = "Music", "Music\Music.csproj", "{77E4AEAD-E8DA-49E5-8091-9938A169E5F1}"
EndProject
Project("{FAE04EC0-301F-11D3-BF4B-00C04F79EFBC}") = "Lyric", "Lyric\Lyric.csproj", "{ACE50DA6-4A2A-4213-8F0B-CC63232F19A4}"
EndProject
Global
	GlobalSection(SolutionConfigurationPlatforms) = preSolution
		Debug|Any CPU = Debug|Any CPU
		Release|Any CPU = Release|Any CPU
	EndGlobalSection
	GlobalSection(ProjectConfigurationPlatforms) = postSolution
		{77E4AEAD-E8DA-49E5-8091-9938A169E5F1}.Debug|Any CPU.ActiveCfg = Debug|Any CPU
		{77E4AEAD-E8DA-49E5-8091-9938A169E5F1}.Debug|Any CPU.Build.0 = Debug|Any CPU
		{77E4AEAD-E8DA-49E5-8091-9938A169E5F1}.Release|Any CPU.ActiveCfg = Release|Any CPU
		{77E4AEAD-E8DA-49E5-8091-9938A169E5F1}.Release|Any CPU.Build.0 = Release|Any CPU
		{ACE50DA6-4A2A-4213-8F0B-CC63232F19A4}.Debug|Any CPU.ActiveCfg = Debug|Any CPU
		{ACE50DA6-4A2A-4213-8F0B-CC63232F19A4}.Debug|Any CPU.Build.0 = Debug|Any CPU
		{ACE50DA6-4A2A-4213-8F0B-CC63232F19A4}.Release|Any CPU.ActiveCfg = Release|Any CPU
		{ACE50DA6-4A2A-4213-8F0B-CC63232F19A4}.Release|Any CPU.Build.0 = Release|Any CPU
	EndGlobalSection
	GlobalSection(SolutionProperties) = preSolution
		HideSolutionNode = FALSE
	EndGlobalSection
	GlobalSection(ExtensibilityGlobals) = postSolution
		SolutionGuid = {84F11A5D-AA3D-4C1E-B461-B96EC8D7619B}
	EndGlobalSection
EndGlobal
